
Microsoft Visual Studio Solution File, Format Version 12.00
# Visual Studio Version 17
VisualStudioVersion = 17.5.33414.496
MinimumVisualStudioVersion = 10.0.40219.1
Project("{FAE04EC0-301F-11D3-BF4B-00C04F79EFBC}") = "Mathari Level 5 Hospital", "Mathari Level 5 Hospital.csproj", "{9ACB0175-8E25-4EA9-8591-B425BEABFCA8}"
EndProject
Global
	GlobalSection(SolutionConfigurationPlatforms) = preSolution
		Debug|Any CPU = Debug|Any CPU
		Release|Any CPU = Release|Any CPU
	EndGlobalSection
	GlobalSection(ProjectConfigurationPlatforms) = postSolution
		{9ACB0175-8E25-4EA9-8591-B425BEABFCA8}.Debug|Any CPU.ActiveCfg = Debug|Any CPU
		{9ACB0175-8E25-4EA9-8591-B425BEABFCA8}.Debug|Any CPU.Build.0 = Debug|Any CPU
		{9ACB0175-8E25-4EA9-8591-B425BEABFCA8}.Release|Any CPU.ActiveCfg = Release|Any CPU
		{9ACB0175-8E25-4EA9-8591-B425BEABFCA8}.Release|Any CPU.Build.0 = Release|Any CPU
	EndGlobalSection
	GlobalSection(SolutionProperties) = preSolution
		HideSolutionNode = FALSE
	EndGlobalSection
	GlobalSection(ExtensibilityGlobals) = postSolution
		SolutionGuid = {58F9233E-B94A-43D7-A3B5-D2E7AC12290A}
	EndGlobalSection
EndGlobal
